// !$*UTF8*$!
{
	archiveVersion = 1;
	classes = {
	};
	objectVersion = 48;
	objects = {

/* Begin PBXBuildFile section */
		4EBE1000A23BB93B41960A56 /* Pods_HypercoinTests.framework in Frameworks */ = {isa = PBXBuildFile; fileRef = 65163BDE06928E505CA085CC /* Pods_HypercoinTests.framework */; };
		83FB14151F976DE7003FB287 /* CoinMarketCap.swift in Sources */ = {isa = PBXBuildFile; fileRef = 83FB14141F976DE7003FB287 /* CoinMarketCap.swift */; };
		83FB14181F97709F003FB287 /* MarketCap.swift in Sources */ = {isa = PBXBuildFile; fileRef = 83FB14171F97709F003FB287 /* MarketCap.swift */; };
		B51389941F9761EE000906DD /* AppDelegate.swift in Sources */ = {isa = PBXBuildFile; fileRef = B51389931F9761EE000906DD /* AppDelegate.swift */; };
		B51389981F9761EE000906DD /* Assets.xcassets in Resources */ = {isa = PBXBuildFile; fileRef = B51389971F9761EE000906DD /* Assets.xcassets */; };
		B513899B1F9761EE000906DD /* Main.storyboard in Resources */ = {isa = PBXBuildFile; fileRef = B51389991F9761EE000906DD /* Main.storyboard */; };
		B51389A71F9761EE000906DD /* HypercoinTests.swift in Sources */ = {isa = PBXBuildFile; fileRef = B51389A61F9761EE000906DD /* HypercoinTests.swift */; };
		B51389B41F976E60000906DD /* ListCapViewController.swift in Sources */ = {isa = PBXBuildFile; fileRef = B51389B31F976E60000906DD /* ListCapViewController.swift */; };
		B51389B71F9774E6000906DD /* EventMonitorManager.swift in Sources */ = {isa = PBXBuildFile; fileRef = B51389B61F9774E6000906DD /* EventMonitorManager.swift */; };
		D205E810659BEA92B6D46BB6 /* Pods_Hypercoin.framework in Frameworks */ = {isa = PBXBuildFile; fileRef = C0AB6A25738803CEE86E513E /* Pods_Hypercoin.framework */; };
/* End PBXBuildFile section */

/* Begin PBXContainerItemProxy section */
		B51389A31F9761EE000906DD /* PBXContainerItemProxy */ = {
			isa = PBXContainerItemProxy;
			containerPortal = B51389881F9761EE000906DD /* Project object */;
			proxyType = 1;
			remoteGlobalIDString = B513898F1F9761EE000906DD;
			remoteInfo = Hypercoin;
		};
/* End PBXContainerItemProxy section */

/* Begin PBXFileReference section */
		0692AA06182C2C226426BDAE /* Pods-HypercoinTests.release.xcconfig */ = {isa = PBXFileReference; includeInIndex = 1; lastKnownFileType = text.xcconfig; name = "Pods-HypercoinTests.release.xcconfig"; path = "Pods/Target Support Files/Pods-HypercoinTests/Pods-HypercoinTests.release.xcconfig"; sourceTree = "<group>"; };
		5D937785BBB12F05B892C397 /* Pods-Hypercoin.release.xcconfig */ = {isa = PBXFileReference; includeInIndex = 1; lastKnownFileType = text.xcconfig; name = "Pods-Hypercoin.release.xcconfig"; path = "Pods/Target Support Files/Pods-Hypercoin/Pods-Hypercoin.release.xcconfig"; sourceTree = "<group>"; };
		65163BDE06928E505CA085CC /* Pods_HypercoinTests.framework */ = {isa = PBXFileReference; explicitFileType = wrapper.framework; includeInIndex = 0; path = Pods_HypercoinTests.framework; sourceTree = BUILT_PRODUCTS_DIR; };
		658520BB3BDE5A7B66744B0E /* Pods-HypercoinTests.debug.xcconfig */ = {isa = PBXFileReference; includeInIndex = 1; lastKnownFileType = text.xcconfig; name = "Pods-HypercoinTests.debug.xcconfig"; path = "Pods/Target Support Files/Pods-HypercoinTests/Pods-HypercoinTests.debug.xcconfig"; sourceTree = "<group>"; };
		83FB14141F976DE7003FB287 /* CoinMarketCap.swift */ = {isa = PBXFileReference; lastKnownFileType = sourcecode.swift; path = CoinMarketCap.swift; sourceTree = "<group>"; };
		83FB14171F97709F003FB287 /* MarketCap.swift */ = {isa = PBXFileReference; lastKnownFileType = sourcecode.swift; path = MarketCap.swift; sourceTree = "<group>"; };
		A31C49843E35E50F4161D4C4 /* Pods-Hypercoin.debug.xcconfig */ = {isa = PBXFileReference; includeInIndex = 1; lastKnownFileType = text.xcconfig; name = "Pods-Hypercoin.debug.xcconfig"; path = "Pods/Target Support Files/Pods-Hypercoin/Pods-Hypercoin.debug.xcconfig"; sourceTree = "<group>"; };
		B51389901F9761EE000906DD /* Hypercoin.app */ = {isa = PBXFileReference; explicitFileType = wrapper.application; includeInIndex = 0; path = Hypercoin.app; sourceTree = BUILT_PRODUCTS_DIR; };
		B51389931F9761EE000906DD /* AppDelegate.swift */ = {isa = PBXFileReference; lastKnownFileType = sourcecode.swift; path = AppDelegate.swift; sourceTree = "<group>"; };
		B51389971F9761EE000906DD /* Assets.xcassets */ = {isa = PBXFileReference; lastKnownFileType = folder.assetcatalog; path = Assets.xcassets; sourceTree = "<group>"; };
		B513899A1F9761EE000906DD /* Base */ = {isa = PBXFileReference; lastKnownFileType = file.storyboard; name = Base; path = Base.lproj/Main.storyboard; sourceTree = "<group>"; };
		B513899C1F9761EE000906DD /* Info.plist */ = {isa = PBXFileReference; lastKnownFileType = text.plist.xml; path = Info.plist; sourceTree = "<group>"; };
		B513899D1F9761EE000906DD /* Hypercoin.entitlements */ = {isa = PBXFileReference; lastKnownFileType = text.plist.entitlements; path = Hypercoin.entitlements; sourceTree = "<group>"; };
		B51389A21F9761EE000906DD /* HypercoinTests.xctest */ = {isa = PBXFileReference; explicitFileType = wrapper.cfbundle; includeInIndex = 0; path = HypercoinTests.xctest; sourceTree = BUILT_PRODUCTS_DIR; };
		B51389A61F9761EE000906DD /* HypercoinTests.swift */ = {isa = PBXFileReference; lastKnownFileType = sourcecode.swift; path = HypercoinTests.swift; sourceTree = "<group>"; };
		B51389A81F9761EF000906DD /* Info.plist */ = {isa = PBXFileReference; lastKnownFileType = text.plist.xml; path = Info.plist; sourceTree = "<group>"; };
		B51389B31F976E60000906DD /* ListCapViewController.swift */ = {isa = PBXFileReference; lastKnownFileType = sourcecode.swift; path = ListCapViewController.swift; sourceTree = "<group>"; };
		B51389B61F9774E6000906DD /* EventMonitorManager.swift */ = {isa = PBXFileReference; lastKnownFileType = sourcecode.swift; path = EventMonitorManager.swift; sourceTree = "<group>"; };
		C0AB6A25738803CEE86E513E /* Pods_Hypercoin.framework */ = {isa = PBXFileReference; explicitFileType = wrapper.framework; includeInIndex = 0; path = Pods_Hypercoin.framework; sourceTree = BUILT_PRODUCTS_DIR; };
/* End PBXFileReference section */

/* Begin PBXFrameworksBuildPhase section */
		B513898D1F9761EE000906DD /* Frameworks */ = {
			isa = PBXFrameworksBuildPhase;
			buildActionMask = 2147483647;
			files = (
				D205E810659BEA92B6D46BB6 /* Pods_Hypercoin.framework in Frameworks */,
			);
			runOnlyForDeploymentPostprocessing = 0;
		};
		B513899F1F9761EE000906DD /* Frameworks */ = {
			isa = PBXFrameworksBuildPhase;
			buildActionMask = 2147483647;
			files = (
				4EBE1000A23BB93B41960A56 /* Pods_HypercoinTests.framework in Frameworks */,
			);
			runOnlyForDeploymentPostprocessing = 0;
		};
/* End PBXFrameworksBuildPhase section */

/* Begin PBXGroup section */
		83FB14131F976D94003FB287 /* Services */ = {
			isa = PBXGroup;
			children = (
				83FB14141F976DE7003FB287 /* CoinMarketCap.swift */,
			);
			path = Services;
			sourceTree = "<group>";
		};
		83FB14161F977076003FB287 /* Models */ = {
			isa = PBXGroup;
			children = (
				83FB14171F97709F003FB287 /* MarketCap.swift */,
			);
			path = Models;
			sourceTree = "<group>";
		};
		A1A8C69E84B41F0EB37C8231 /* Frameworks */ = {
			isa = PBXGroup;
			children = (
				C0AB6A25738803CEE86E513E /* Pods_Hypercoin.framework */,
				65163BDE06928E505CA085CC /* Pods_HypercoinTests.framework */,
			);
			name = Frameworks;
			sourceTree = "<group>";
		};
		B51389871F9761EE000906DD = {
			isa = PBXGroup;
			children = (
				B51389921F9761EE000906DD /* Hypercoin */,
				B51389A51F9761EE000906DD /* HypercoinTests */,
				B51389911F9761EE000906DD /* Products */,
				BF6C4BD0538338B4C322046E /* Pods */,
				A1A8C69E84B41F0EB37C8231 /* Frameworks */,
			);
			sourceTree = "<group>";
		};
		B51389911F9761EE000906DD /* Products */ = {
			isa = PBXGroup;
			children = (
				B51389901F9761EE000906DD /* Hypercoin.app */,
				B51389A21F9761EE000906DD /* HypercoinTests.xctest */,
			);
			name = Products;
			sourceTree = "<group>";
		};
		B51389921F9761EE000906DD /* Hypercoin */ = {
			isa = PBXGroup;
			children = (
				83FB14161F977076003FB287 /* Models */,
				83FB14131F976D94003FB287 /* Services */,
				B51389931F9761EE000906DD /* AppDelegate.swift */,
				B51389B51F977482000906DD /* Managers */,
				B51389B21F976D57000906DD /* Resources */,
				B51389B11F976D1C000906DD /* ViewController */,
			);
			path = Hypercoin;
			sourceTree = "<group>";
		};
		B51389A51F9761EE000906DD /* HypercoinTests */ = {
			isa = PBXGroup;
			children = (
				B51389A61F9761EE000906DD /* HypercoinTests.swift */,
				B51389A81F9761EF000906DD /* Info.plist */,
			);
			path = HypercoinTests;
			sourceTree = "<group>";
		};
		B51389B11F976D1C000906DD /* ViewController */ = {
			isa = PBXGroup;
			children = (
				B51389B31F976E60000906DD /* ListCapViewController.swift */,
			);
			path = ViewController;
			sourceTree = "<group>";
		};
		B51389B21F976D57000906DD /* Resources */ = {
			isa = PBXGroup;
			children = (
				B51389971F9761EE000906DD /* Assets.xcassets */,
				B51389991F9761EE000906DD /* Main.storyboard */,
				B513899C1F9761EE000906DD /* Info.plist */,
				B513899D1F9761EE000906DD /* Hypercoin.entitlements */,
			);
			path = Resources;
			sourceTree = "<group>";
		};
		B51389B51F977482000906DD /* Managers */ = {
			isa = PBXGroup;
			children = (
				B51389B61F9774E6000906DD /* EventMonitorManager.swift */,
			);
			path = Managers;
			sourceTree = "<group>";
		};
		BF6C4BD0538338B4C322046E /* Pods */ = {
			isa = PBXGroup;
			children = (
				A31C49843E35E50F4161D4C4 /* Pods-Hypercoin.debug.xcconfig */,
				5D937785BBB12F05B892C397 /* Pods-Hypercoin.release.xcconfig */,
				658520BB3BDE5A7B66744B0E /* Pods-HypercoinTests.debug.xcconfig */,
				0692AA06182C2C226426BDAE /* Pods-HypercoinTests.release.xcconfig */,
			);
			name = Pods;
			sourceTree = "<group>";
		};
/* End PBXGroup section */

/* Begin PBXNativeTarget section */
		B513898F1F9761EE000906DD /* Hypercoin */ = {
			isa = PBXNativeTarget;
			buildConfigurationList = B51389AB1F9761EF000906DD /* Build configuration list for PBXNativeTarget "Hypercoin" */;
			buildPhases = (
				D7CF455A0C9F72D815AD72FC /* [CP] Check Pods Manifest.lock */,
				B513898C1F9761EE000906DD /* Sources */,
				B513898D1F9761EE000906DD /* Frameworks */,
				B513898E1F9761EE000906DD /* Resources */,
				BD025E246C7D76414D50B0F7 /* [CP] Embed Pods Frameworks */,
				4FF0C918F138634C5E7B484C /* [CP] Copy Pods Resources */,
			);
			buildRules = (
			);
			dependencies = (
			);
			name = Hypercoin;
			productName = Hypercoin;
			productReference = B51389901F9761EE000906DD /* Hypercoin.app */;
			productType = "com.apple.product-type.application";
		};
		B51389A11F9761EE000906DD /* HypercoinTests */ = {
			isa = PBXNativeTarget;
			buildConfigurationList = B51389AE1F9761EF000906DD /* Build configuration list for PBXNativeTarget "HypercoinTests" */;
			buildPhases = (
				B8477B743ED140F35B4C4BC7 /* [CP] Check Pods Manifest.lock */,
				B513899E1F9761EE000906DD /* Sources */,
				B513899F1F9761EE000906DD /* Frameworks */,
				B51389A01F9761EE000906DD /* Resources */,
				D5695D6E9E5ECD0476851BF5 /* [CP] Embed Pods Frameworks */,
				CEB42C51F48A341F670AF678 /* [CP] Copy Pods Resources */,
			);
			buildRules = (
			);
			dependencies = (
				B51389A41F9761EE000906DD /* PBXTargetDependency */,
			);
			name = HypercoinTests;
			productName = HypercoinTests;
			productReference = B51389A21F9761EE000906DD /* HypercoinTests.xctest */;
			productType = "com.apple.product-type.bundle.unit-test";
		};
/* End PBXNativeTarget section */

/* Begin PBXProject section */
		B51389881F9761EE000906DD /* Project object */ = {
			isa = PBXProject;
			attributes = {
				LastSwiftUpdateCheck = 0900;
				LastUpgradeCheck = 0900;
				ORGANIZATIONNAME = Hypercoin;
				TargetAttributes = {
					B513898F1F9761EE000906DD = {
						CreatedOnToolsVersion = 9.0;
						ProvisioningStyle = Automatic;
					};
					B51389A11F9761EE000906DD = {
						CreatedOnToolsVersion = 9.0;
						ProvisioningStyle = Automatic;
						TestTargetID = B513898F1F9761EE000906DD;
					};
				};
			};
			buildConfigurationList = B513898B1F9761EE000906DD /* Build configuration list for PBXProject "Hypercoin" */;
			compatibilityVersion = "Xcode 8.0";
			developmentRegion = en;
			hasScannedForEncodings = 0;
			knownRegions = (
				en,
				Base,
			);
			mainGroup = B51389871F9761EE000906DD;
			productRefGroup = B51389911F9761EE000906DD /* Products */;
			projectDirPath = "";
			projectRoot = "";
			targets = (
				B513898F1F9761EE000906DD /* Hypercoin */,
				B51389A11F9761EE000906DD /* HypercoinTests */,
			);
		};
/* End PBXProject section */

/* Begin PBXResourcesBuildPhase section */
		B513898E1F9761EE000906DD /* Resources */ = {
			isa = PBXResourcesBuildPhase;
			buildActionMask = 2147483647;
			files = (
				B51389981F9761EE000906DD /* Assets.xcassets in Resources */,
				B513899B1F9761EE000906DD /* Main.storyboard in Resources */,
			);
			runOnlyForDeploymentPostprocessing = 0;
		};
		B51389A01F9761EE000906DD /* Resources */ = {
			isa = PBXResourcesBuildPhase;
			buildActionMask = 2147483647;
			files = (
			);
			runOnlyForDeploymentPostprocessing = 0;
		};
/* End PBXResourcesBuildPhase section */

/* Begin PBXShellScriptBuildPhase section */
		4FF0C918F138634C5E7B484C /* [CP] Copy Pods Resources */ = {
			isa = PBXShellScriptBuildPhase;
			buildActionMask = 2147483647;
			files = (
			);
			inputPaths = (
			);
			name = "[CP] Copy Pods Resources";
			outputPaths = (
			);
			runOnlyForDeploymentPostprocessing = 0;
			shellPath = /bin/sh;
			shellScript = "\"${SRCROOT}/Pods/Target Support Files/Pods-Hypercoin/Pods-Hypercoin-resources.sh\"\n";
			showEnvVarsInLog = 0;
		};
		B8477B743ED140F35B4C4BC7 /* [CP] Check Pods Manifest.lock */ = {
			isa = PBXShellScriptBuildPhase;
			buildActionMask = 2147483647;
			files = (
			);
			inputPaths = (
				"${PODS_PODFILE_DIR_PATH}/Podfile.lock",
				"${PODS_ROOT}/Manifest.lock",
			);
			name = "[CP] Check Pods Manifest.lock";
			outputPaths = (
				"$(DERIVED_FILE_DIR)/Pods-HypercoinTests-checkManifestLockResult.txt",
			);
			runOnlyForDeploymentPostprocessing = 0;
			shellPath = /bin/sh;
			shellScript = "diff \"${PODS_PODFILE_DIR_PATH}/Podfile.lock\" \"${PODS_ROOT}/Manifest.lock\" > /dev/null\nif [ $? != 0 ] ; then\n    # print error to STDERR\n    echo \"error: The sandbox is not in sync with the Podfile.lock. Run 'pod install' or update your CocoaPods installation.\" >&2\n    exit 1\nfi\n# This output is used by Xcode 'outputs' to avoid re-running this script phase.\necho \"SUCCESS\" > \"${SCRIPT_OUTPUT_FILE_0}\"\n";
			showEnvVarsInLog = 0;
		};
		BD025E246C7D76414D50B0F7 /* [CP] Embed Pods Frameworks */ = {
			isa = PBXShellScriptBuildPhase;
			buildActionMask = 2147483647;
			files = (
			);
			inputPaths = (
				"${SRCROOT}/Pods/Target Support Files/Pods-Hypercoin/Pods-Hypercoin-frameworks.sh",
				"${BUILT_PRODUCTS_DIR}/Alamofire/Alamofire.framework",
				"${BUILT_PRODUCTS_DIR}/Marshal/Marshal.framework",
				"${BUILT_PRODUCTS_DIR}/RxAlamofire/RxAlamofire.framework",
				"${BUILT_PRODUCTS_DIR}/RxCocoa/RxCocoa.framework",
				"${BUILT_PRODUCTS_DIR}/RxSwift/RxSwift.framework",
			);
			name = "[CP] Embed Pods Frameworks";
			outputPaths = (
				"${TARGET_BUILD_DIR}/${FRAMEWORKS_FOLDER_PATH}/Alamofire.framework",
				"${TARGET_BUILD_DIR}/${FRAMEWORKS_FOLDER_PATH}/Marshal.framework",
				"${TARGET_BUILD_DIR}/${FRAMEWORKS_FOLDER_PATH}/RxAlamofire.framework",
				"${TARGET_BUILD_DIR}/${FRAMEWORKS_FOLDER_PATH}/RxCocoa.framework",
				"${TARGET_BUILD_DIR}/${FRAMEWORKS_FOLDER_PATH}/RxSwift.framework",
			);
			runOnlyForDeploymentPostprocessing = 0;
			shellPath = /bin/sh;
			shellScript = "\"${SRCROOT}/Pods/Target Support Files/Pods-Hypercoin/Pods-Hypercoin-frameworks.sh\"\n";
			showEnvVarsInLog = 0;
		};
		CEB42C51F48A341F670AF678 /* [CP] Copy Pods Resources */ = {
			isa = PBXShellScriptBuildPhase;
			buildActionMask = 2147483647;
			files = (
			);
			inputPaths = (
			);
			name = "[CP] Copy Pods Resources";
			outputPaths = (
			);
			runOnlyForDeploymentPostprocessing = 0;
			shellPath = /bin/sh;
			shellScript = "\"${SRCROOT}/Pods/Target Support Files/Pods-HypercoinTests/Pods-HypercoinTests-resources.sh\"\n";
			showEnvVarsInLog = 0;
		};
		D5695D6E9E5ECD0476851BF5 /* [CP] Embed Pods Frameworks */ = {
			isa = PBXShellScriptBuildPhase;
			buildActionMask = 2147483647;
			files = (
			);
			inputPaths = (
				"${SRCROOT}/Pods/Target Support Files/Pods-HypercoinTests/Pods-HypercoinTests-frameworks.sh",
				"${BUILT_PRODUCTS_DIR}/RxSwift/RxSwift.framework",
				"${BUILT_PRODUCTS_DIR}/RxBlocking/RxBlocking.framework",
				"${BUILT_PRODUCTS_DIR}/RxTest/RxTest.framework",
			);
			name = "[CP] Embed Pods Frameworks";
			outputPaths = (
				"${TARGET_BUILD_DIR}/${FRAMEWORKS_FOLDER_PATH}/RxSwift.framework",
				"${TARGET_BUILD_DIR}/${FRAMEWORKS_FOLDER_PATH}/RxBlocking.framework",
				"${TARGET_BUILD_DIR}/${FRAMEWORKS_FOLDER_PATH}/RxTest.framework",
			);
			runOnlyForDeploymentPostprocessing = 0;
			shellPath = /bin/sh;
			shellScript = "\"${SRCROOT}/Pods/Target Support Files/Pods-HypercoinTests/Pods-HypercoinTests-frameworks.sh\"\n";
			showEnvVarsInLog = 0;
		};
		D7CF455A0C9F72D815AD72FC /* [CP] Check Pods Manifest.lock */ = {
			isa = PBXShellScriptBuildPhase;
			buildActionMask = 2147483647;
			files = (
			);
			inputPaths = (
				"${PODS_PODFILE_DIR_PATH}/Podfile.lock",
				"${PODS_ROOT}/Manifest.lock",
			);
			name = "[CP] Check Pods Manifest.lock";
			outputPaths = (
				"$(DERIVED_FILE_DIR)/Pods-Hypercoin-checkManifestLockResult.txt",
			);
			runOnlyForDeploymentPostprocessing = 0;
			shellPath = /bin/sh;
			shellScript = "diff \"${PODS_PODFILE_DIR_PATH}/Podfile.lock\" \"${PODS_ROOT}/Manifest.lock\" > /dev/null\nif [ $? != 0 ] ; then\n    # print error to STDERR\n    echo \"error: The sandbox is not in sync with the Podfile.lock. Run 'pod install' or update your CocoaPods installation.\" >&2\n    exit 1\nfi\n# This output is used by Xcode 'outputs' to avoid re-running this script phase.\necho \"SUCCESS\" > \"${SCRIPT_OUTPUT_FILE_0}\"\n";
			showEnvVarsInLog = 0;
		};
/* End PBXShellScriptBuildPhase section */

/* Begin PBXSourcesBuildPhase section */
		B513898C1F9761EE000906DD /* Sources */ = {
			isa = PBXSourcesBuildPhase;
			buildActionMask = 2147483647;
			files = (
				B51389961F9761EE000906DD /* ViewController.swift in Sources */,
				83FB14151F976DE7003FB287 /* CoinMarketCap.swift in Sources */,
				83FB14181F97709F003FB287 /* MarketCap.swift in Sources */,
				B51389B71F9774E6000906DD /* EventMonitorManager.swift in Sources */,
				B51389941F9761EE000906DD /* AppDelegate.swift in Sources */,
				B51389B41F976E60000906DD /* ListCapViewController.swift in Sources */,
			);
			runOnlyForDeploymentPostprocessing = 0;
		};
		B513899E1F9761EE000906DD /* Sources */ = {
			isa = PBXSourcesBuildPhase;
			buildActionMask = 2147483647;
			files = (
				B51389A71F9761EE000906DD /* HypercoinTests.swift in Sources */,
			);
			runOnlyForDeploymentPostprocessing = 0;
		};
/* End PBXSourcesBuildPhase section */

/* Begin PBXTargetDependency section */
		B51389A41F9761EE000906DD /* PBXTargetDependency */ = {
			isa = PBXTargetDependency;
			target = B513898F1F9761EE000906DD /* Hypercoin */;
			targetProxy = B51389A31F9761EE000906DD /* PBXContainerItemProxy */;
		};
/* End PBXTargetDependency section */

/* Begin PBXVariantGroup section */
		B51389991F9761EE000906DD /* Main.storyboard */ = {
			isa = PBXVariantGroup;
			children = (
				B513899A1F9761EE000906DD /* Base */,
			);
			name = Main.storyboard;
			sourceTree = "<group>";
		};
/* End PBXVariantGroup section */

/* Begin XCBuildConfiguration section */
		B51389A91F9761EF000906DD /* Debug */ = {
			isa = XCBuildConfiguration;
			buildSettings = {
				ALWAYS_SEARCH_USER_PATHS = NO;
				CLANG_ANALYZER_NONNULL = YES;
				CLANG_ANALYZER_NUMBER_OBJECT_CONVERSION = YES_AGGRESSIVE;
				CLANG_CXX_LANGUAGE_STANDARD = "gnu++14";
				CLANG_CXX_LIBRARY = "libc++";
				CLANG_ENABLE_MODULES = YES;
				CLANG_ENABLE_OBJC_ARC = YES;
				CLANG_WARN_BLOCK_CAPTURE_AUTORELEASING = YES;
				CLANG_WARN_BOOL_CONVERSION = YES;
				CLANG_WARN_COMMA = YES;
				CLANG_WARN_CONSTANT_CONVERSION = YES;
				CLANG_WARN_DIRECT_OBJC_ISA_USAGE = YES_ERROR;
				CLANG_WARN_DOCUMENTATION_COMMENTS = YES;
				CLANG_WARN_EMPTY_BODY = YES;
				CLANG_WARN_ENUM_CONVERSION = YES;
				CLANG_WARN_INFINITE_RECURSION = YES;
				CLANG_WARN_INT_CONVERSION = YES;
				CLANG_WARN_NON_LITERAL_NULL_CONVERSION = YES;
				CLANG_WARN_OBJC_LITERAL_CONVERSION = YES;
				CLANG_WARN_OBJC_ROOT_CLASS = YES_ERROR;
				CLANG_WARN_RANGE_LOOP_ANALYSIS = YES;
				CLANG_WARN_STRICT_PROTOTYPES = YES;
				CLANG_WARN_SUSPICIOUS_MOVE = YES;
				CLANG_WARN_UNGUARDED_AVAILABILITY = YES_AGGRESSIVE;
				CLANG_WARN_UNREACHABLE_CODE = YES;
				CLANG_WARN__DUPLICATE_METHOD_MATCH = YES;
				CODE_SIGN_IDENTITY = "-";
				COPY_PHASE_STRIP = NO;
				DEBUG_INFORMATION_FORMAT = dwarf;
				ENABLE_STRICT_OBJC_MSGSEND = YES;
				ENABLE_TESTABILITY = YES;
				GCC_C_LANGUAGE_STANDARD = gnu11;
				GCC_DYNAMIC_NO_PIC = NO;
				GCC_NO_COMMON_BLOCKS = YES;
				GCC_OPTIMIZATION_LEVEL = 0;
				GCC_PREPROCESSOR_DEFINITIONS = (
					"DEBUG=1",
					"$(inherited)",
				);
				GCC_WARN_64_TO_32_BIT_CONVERSION = YES;
				GCC_WARN_ABOUT_RETURN_TYPE = YES_ERROR;
				GCC_WARN_UNDECLARED_SELECTOR = YES;
				GCC_WARN_UNINITIALIZED_AUTOS = YES_AGGRESSIVE;
				GCC_WARN_UNUSED_FUNCTION = YES;
				GCC_WARN_UNUSED_VARIABLE = YES;
				MACOSX_DEPLOYMENT_TARGET = 10.13;
				MTL_ENABLE_DEBUG_INFO = YES;
				ONLY_ACTIVE_ARCH = YES;
				SDKROOT = macosx;
				SWIFT_ACTIVE_COMPILATION_CONDITIONS = DEBUG;
				SWIFT_OPTIMIZATION_LEVEL = "-Onone";
			};
			name = Debug;
		};
		B51389AA1F9761EF000906DD /* Release */ = {
			isa = XCBuildConfiguration;
			buildSettings = {
				ALWAYS_SEARCH_USER_PATHS = NO;
				CLANG_ANALYZER_NONNULL = YES;
				CLANG_ANALYZER_NUMBER_OBJECT_CONVERSION = YES_AGGRESSIVE;
				CLANG_CXX_LANGUAGE_STANDARD = "gnu++14";
				CLANG_CXX_LIBRARY = "libc++";
				CLANG_ENABLE_MODULES = YES;
				CLANG_ENABLE_OBJC_ARC = YES;
				CLANG_WARN_BLOCK_CAPTURE_AUTORELEASING = YES;
				CLANG_WARN_BOOL_CONVERSION = YES;
				CLANG_WARN_COMMA = YES;
				CLANG_WARN_CONSTANT_CONVERSION = YES;
				CLANG_WARN_DIRECT_OBJC_ISA_USAGE = YES_ERROR;
				CLANG_WARN_DOCUMENTATION_COMMENTS = YES;
				CLANG_WARN_EMPTY_BODY = YES;
				CLANG_WARN_ENUM_CONVERSION = YES;
				CLANG_WARN_INFINITE_RECURSION = YES;
				CLANG_WARN_INT_CONVERSION = YES;
				CLANG_WARN_NON_LITERAL_NULL_CONVERSION = YES;
				CLANG_WARN_OBJC_LITERAL_CONVERSION = YES;
				CLANG_WARN_OBJC_ROOT_CLASS = YES_ERROR;
				CLANG_WARN_RANGE_LOOP_ANALYSIS = YES;
				CLANG_WARN_STRICT_PROTOTYPES = YES;
				CLANG_WARN_SUSPICIOUS_MOVE = YES;
				CLANG_WARN_UNGUARDED_AVAILABILITY = YES_AGGRESSIVE;
				CLANG_WARN_UNREACHABLE_CODE = YES;
				CLANG_WARN__DUPLICATE_METHOD_MATCH = YES;
				CODE_SIGN_IDENTITY = "-";
				COPY_PHASE_STRIP = NO;
				DEBUG_INFORMATION_FORMAT = "dwarf-with-dsym";
				ENABLE_NS_ASSERTIONS = NO;
				ENABLE_STRICT_OBJC_MSGSEND = YES;
				GCC_C_LANGUAGE_STANDARD = gnu11;
				GCC_NO_COMMON_BLOCKS = YES;
				GCC_WARN_64_TO_32_BIT_CONVERSION = YES;
				GCC_WARN_ABOUT_RETURN_TYPE = YES_ERROR;
				GCC_WARN_UNDECLARED_SELECTOR = YES;
				GCC_WARN_UNINITIALIZED_AUTOS = YES_AGGRESSIVE;
				GCC_WARN_UNUSED_FUNCTION = YES;
				GCC_WARN_UNUSED_VARIABLE = YES;
				MACOSX_DEPLOYMENT_TARGET = 10.13;
				MTL_ENABLE_DEBUG_INFO = NO;
				SDKROOT = macosx;
				SWIFT_OPTIMIZATION_LEVEL = "-Owholemodule";
			};
			name = Release;
		};
		B51389AC1F9761EF000906DD /* Debug */ = {
			isa = XCBuildConfiguration;
			baseConfigurationReference = A31C49843E35E50F4161D4C4 /* Pods-Hypercoin.debug.xcconfig */;
			buildSettings = {
				ASSETCATALOG_COMPILER_APPICON_NAME = AppIcon;
				CODE_SIGN_ENTITLEMENTS = Hypercoin/Resources/Hypercoin.entitlements;
				CODE_SIGN_STYLE = Automatic;
				COMBINE_HIDPI_IMAGES = YES;
				INFOPLIST_FILE = Hypercoin/Resources/Info.plist;
				LD_RUNPATH_SEARCH_PATHS = "$(inherited) @executable_path/../Frameworks";
				PRODUCT_BUNDLE_IDENTIFIER = com.hypercoin.Hypercoin;
				PRODUCT_NAME = "$(TARGET_NAME)";
				SWIFT_VERSION = 4.0;
			};
			name = Debug;
		};
		B51389AD1F9761EF000906DD /* Release */ = {
			isa = XCBuildConfiguration;
			baseConfigurationReference = 5D937785BBB12F05B892C397 /* Pods-Hypercoin.release.xcconfig */;
			buildSettings = {
				ASSETCATALOG_COMPILER_APPICON_NAME = AppIcon;
				CODE_SIGN_ENTITLEMENTS = Hypercoin/Resources/Hypercoin.entitlements;
				CODE_SIGN_STYLE = Automatic;
				COMBINE_HIDPI_IMAGES = YES;
				INFOPLIST_FILE = Hypercoin/Resources/Info.plist;
				LD_RUNPATH_SEARCH_PATHS = "$(inherited) @executable_path/../Frameworks";
				PRODUCT_BUNDLE_IDENTIFIER = com.hypercoin.Hypercoin;
				PRODUCT_NAME = "$(TARGET_NAME)";
				SWIFT_VERSION = 4.0;
			};
			name = Release;
		};
		B51389AF1F9761EF000906DD /* Debug */ = {
			isa = XCBuildConfiguration;
			baseConfigurationReference = 658520BB3BDE5A7B66744B0E /* Pods-HypercoinTests.debug.xcconfig */;
			buildSettings = {
				BUNDLE_LOADER = "$(TEST_HOST)";
				CODE_SIGN_STYLE = Automatic;
				COMBINE_HIDPI_IMAGES = YES;
				INFOPLIST_FILE = HypercoinTests/Info.plist;
				LD_RUNPATH_SEARCH_PATHS = "$(inherited) @executable_path/../Frameworks @loader_path/../Frameworks";
				PRODUCT_BUNDLE_IDENTIFIER = com.hypercoin.HypercoinTests;
				PRODUCT_NAME = "$(TARGET_NAME)";
				SWIFT_VERSION = 4.0;
				TEST_HOST = "$(BUILT_PRODUCTS_DIR)/Hypercoin.app/Contents/MacOS/Hypercoin";
			};
			name = Debug;
		};
		B51389B01F9761EF000906DD /* Release */ = {
			isa = XCBuildConfiguration;
			baseConfigurationReference = 0692AA06182C2C226426BDAE /* Pods-HypercoinTests.release.xcconfig */;
			buildSettings = {
				BUNDLE_LOADER = "$(TEST_HOST)";
				CODE_SIGN_STYLE = Automatic;
				COMBINE_HIDPI_IMAGES = YES;
				INFOPLIST_FILE = HypercoinTests/Info.plist;
				LD_RUNPATH_SEARCH_PATHS = "$(inherited) @executable_path/../Frameworks @loader_path/../Frameworks";
				PRODUCT_BUNDLE_IDENTIFIER = com.hypercoin.HypercoinTests;
				PRODUCT_NAME = "$(TARGET_NAME)";
				SWIFT_VERSION = 4.0;
				TEST_HOST = "$(BUILT_PRODUCTS_DIR)/Hypercoin.app/Contents/MacOS/Hypercoin";
			};
			name = Release;
		};
/* End XCBuildConfiguration section */

/* Begin XCConfigurationList section */
		B513898B1F9761EE000906DD /* Build configuration list for PBXProject "Hypercoin" */ = {
			isa = XCConfigurationList;
			buildConfigurations = (
				B51389A91F9761EF000906DD /* Debug */,
				B51389AA1F9761EF000906DD /* Release */,
			);
			defaultConfigurationIsVisible = 0;
			defaultConfigurationName = Release;
		};
		B51389AB1F9761EF000906DD /* Build configuration list for PBXNativeTarget "Hypercoin" */ = {
			isa = XCConfigurationList;
			buildConfigurations = (
				B51389AC1F9761EF000906DD /* Debug */,
				B51389AD1F9761EF000906DD /* Release */,
			);
			defaultConfigurationIsVisible = 0;
			defaultConfigurationName = Release;
		};
		B51389AE1F9761EF000906DD /* Build configuration list for PBXNativeTarget "HypercoinTests" */ = {
			isa = XCConfigurationList;
			buildConfigurations = (
				B51389AF1F9761EF000906DD /* Debug */,
				B51389B01F9761EF000906DD /* Release */,
			);
			defaultConfigurationIsVisible = 0;
			defaultConfigurationName = Release;
		};
/* End XCConfigurationList section */
	};
	rootObject = B51389881F9761EE000906DD /* Project object */;
}
